
Microsoft Visual Studio Solution File, Format Version 12.00
# Visual Studio Version 17
VisualStudioVersion = 17.3.32929.385
MinimumVisualStudioVersion = 10.0.40219.1
Project("{9A19103F-16F7-4668-BE54-9A1E7A4F7556}") = "MSOPracticumForms", "MSOPracticumForms\MSOPracticumForms.csproj", "{6D7B2253-6A38-449D-9D4B-759CA36275C1}"
EndProject
Project("{9A19103F-16F7-4668-BE54-9A1E7A4F7556}") = "MSOPracticum", "MSOPracticum\MSOPracticum.csproj", "{6D2AA8FF-72EB-417B-9A85-6BCE23E8966C}"
EndProject
Project("{9A19103F-16F7-4668-BE54-9A1E7A4F7556}") = "MSOtest", "MSOtest\MSOtest.csproj", "{ABEAA921-57BE-45DA-BC5B-E47D593E53D1}"
EndProject
Global
	GlobalSection(SolutionConfigurationPlatforms) = preSolution
		Debug|Any CPU = Debug|Any CPU
		Release|Any CPU = Release|Any CPU
	EndGlobalSection
	GlobalSection(ProjectConfigurationPlatforms) = postSolution
		{6D2AA8FF-72EB-417B-9A85-6BCE23E8966C}.Debug|Any CPU.ActiveCfg = Debug|Any CPU
		{6D2AA8FF-72EB-417B-9A85-6BCE23E8966C}.Debug|Any CPU.Build.0 = Debug|Any CPU
		{6D2AA8FF-72EB-417B-9A85-6BCE23E8966C}.Release|Any CPU.ActiveCfg = Release|Any CPU
		{6D2AA8FF-72EB-417B-9A85-6BCE23E8966C}.Release|Any CPU.Build.0 = Release|Any CPU
		{ABEAA921-57BE-45DA-BC5B-E47D593E53D1}.Debug|Any CPU.ActiveCfg = Debug|Any CPU
		{ABEAA921-57BE-45DA-BC5B-E47D593E53D1}.Debug|Any CPU.Build.0 = Debug|Any CPU
		{ABEAA921-57BE-45DA-BC5B-E47D593E53D1}.Release|Any CPU.ActiveCfg = Release|Any CPU
		{ABEAA921-57BE-45DA-BC5B-E47D593E53D1}.Release|Any CPU.Build.0 = Release|Any CPU
		{6D7B2253-6A38-449D-9D4B-759CA36275C1}.Debug|Any CPU.ActiveCfg = Debug|Any CPU
		{6D7B2253-6A38-449D-9D4B-759CA36275C1}.Debug|Any CPU.Build.0 = Debug|Any CPU
		{6D7B2253-6A38-449D-9D4B-759CA36275C1}.Release|Any CPU.ActiveCfg = Release|Any CPU
		{6D7B2253-6A38-449D-9D4B-759CA36275C1}.Release|Any CPU.Build.0 = Release|Any CPU
	EndGlobalSection
	GlobalSection(SolutionProperties) = preSolution
		HideSolutionNode = FALSE
	EndGlobalSection
	GlobalSection(ExtensibilityGlobals) = postSolution
		SolutionGuid = {D9F470D1-990A-48C6-BFBC-9F508512D2E3}
	EndGlobalSection
EndGlobal
